
Microsoft Visual Studio Solution File, Format Version 12.00
# Visual Studio Version 17
VisualStudioVersion = 17.7.34024.191
MinimumVisualStudioVersion = 10.0.40219.1
Project("{9A19103F-16F7-4668-BE54-9A1E7A4F7556}") = "Praktika 1", "Praktika 1\Praktika 1.csproj", "{A8CAFD6B-6FF1-476E-81BC-0934168FEF4D}"
EndProject
Project("{FAE04EC0-301F-11D3-BF4B-00C04F79EFBC}") = "Praktika 1.2", "Praktika 1.2\Praktika 1.2.csproj", "{7C2BAA8A-F563-4150-A81A-84F029884701}"
EndProject
Project("{FAE04EC0-301F-11D3-BF4B-00C04F79EFBC}") = "Praktika 1.3", "Praktika 1.3\Praktika 1.3.csproj", "{AD3AAE7B-6BFE-487C-A84D-8633E6FECD6D}"
EndProject
Project("{FAE04EC0-301F-11D3-BF4B-00C04F79EFBC}") = "Praktika 1.4", "Praktika 1.4\Praktika 1.4.csproj", "{FA04AC3F-AECD-4184-A9A4-1A43A6F49270}"
EndProject
Project("{FAE04EC0-301F-11D3-BF4B-00C04F79EFBC}") = "Praktika 1.5", "Praktika 1.5\Praktika 1.5.csproj", "{27EFAE3A-A00B-4F91-996F-B0D0B6866B78}"
EndProject
Global
	GlobalSection(SolutionConfigurationPlatforms) = preSolution
		Debug|Any CPU = Debug|Any CPU
		Release|Any CPU = Release|Any CPU
	EndGlobalSection
	GlobalSection(ProjectConfigurationPlatforms) = postSolution
		{A8CAFD6B-6FF1-476E-81BC-0934168FEF4D}.Debug|Any CPU.ActiveCfg = Debug|Any CPU
		{A8CAFD6B-6FF1-476E-81BC-0934168FEF4D}.Debug|Any CPU.Build.0 = Debug|Any CPU
		{A8CAFD6B-6FF1-476E-81BC-0934168FEF4D}.Release|Any CPU.ActiveCfg = Release|Any CPU
		{A8CAFD6B-6FF1-476E-81BC-0934168FEF4D}.Release|Any CPU.Build.0 = Release|Any CPU
		{7C2BAA8A-F563-4150-A81A-84F029884701}.Debug|Any CPU.ActiveCfg = Debug|Any CPU
		{7C2BAA8A-F563-4150-A81A-84F029884701}.Debug|Any CPU.Build.0 = Debug|Any CPU
		{7C2BAA8A-F563-4150-A81A-84F029884701}.Release|Any CPU.ActiveCfg = Release|Any CPU
		{7C2BAA8A-F563-4150-A81A-84F029884701}.Release|Any CPU.Build.0 = Release|Any CPU
		{AD3AAE7B-6BFE-487C-A84D-8633E6FECD6D}.Debug|Any CPU.ActiveCfg = Debug|Any CPU
		{AD3AAE7B-6BFE-487C-A84D-8633E6FECD6D}.Debug|Any CPU.Build.0 = Debug|Any CPU
		{AD3AAE7B-6BFE-487C-A84D-8633E6FECD6D}.Release|Any CPU.ActiveCfg = Release|Any CPU
		{AD3AAE7B-6BFE-487C-A84D-8633E6FECD6D}.Release|Any CPU.Build.0 = Release|Any CPU
		{FA04AC3F-AECD-4184-A9A4-1A43A6F49270}.Debug|Any CPU.ActiveCfg = Debug|Any CPU
		{FA04AC3F-AECD-4184-A9A4-1A43A6F49270}.Debug|Any CPU.Build.0 = Debug|Any CPU
		{FA04AC3F-AECD-4184-A9A4-1A43A6F49270}.Release|Any CPU.ActiveCfg = Release|Any CPU
		{FA04AC3F-AECD-4184-A9A4-1A43A6F49270}.Release|Any CPU.Build.0 = Release|Any CPU
		{27EFAE3A-A00B-4F91-996F-B0D0B6866B78}.Debug|Any CPU.ActiveCfg = Debug|Any CPU
		{27EFAE3A-A00B-4F91-996F-B0D0B6866B78}.Debug|Any CPU.Build.0 = Debug|Any CPU
		{27EFAE3A-A00B-4F91-996F-B0D0B6866B78}.Release|Any CPU.ActiveCfg = Release|Any CPU
		{27EFAE3A-A00B-4F91-996F-B0D0B6866B78}.Release|Any CPU.Build.0 = Release|Any CPU
	EndGlobalSection
	GlobalSection(SolutionProperties) = preSolution
		HideSolutionNode = FALSE
	EndGlobalSection
	GlobalSection(ExtensibilityGlobals) = postSolution
		SolutionGuid = {B49725F9-2F9A-45D6-94DB-AD3E01FBDDCC}
	EndGlobalSection
EndGlobal
